
Microsoft Visual Studio Solution File, Format Version 12.00
# Visual Studio Version 17
VisualStudioVersion = 17.7.34221.43
MinimumVisualStudioVersion = 10.0.40219.1
Project("{FAE04EC0-301F-11D3-BF4B-00C04F79EFBC}") = "717-Microservices.Shared", "717-Microservices.Shared\717-Microservices.Shared.csproj", "{91E4869C-6FE3-41CD-84E0-4F0979783B84}"
EndProject
Global
	GlobalSection(SolutionConfigurationPlatforms) = preSolution
		Debug|Any CPU = Debug|Any CPU
		Release|Any CPU = Release|Any CPU
	EndGlobalSection
	GlobalSection(ProjectConfigurationPlatforms) = postSolution
		{91E4869C-6FE3-41CD-84E0-4F0979783B84}.Debug|Any CPU.ActiveCfg = Debug|Any CPU
		{91E4869C-6FE3-41CD-84E0-4F0979783B84}.Debug|Any CPU.Build.0 = Debug|Any CPU
		{91E4869C-6FE3-41CD-84E0-4F0979783B84}.Release|Any CPU.ActiveCfg = Release|Any CPU
		{91E4869C-6FE3-41CD-84E0-4F0979783B84}.Release|Any CPU.Build.0 = Release|Any CPU
	EndGlobalSection
	GlobalSection(SolutionProperties) = preSolution
		HideSolutionNode = FALSE
	EndGlobalSection
	GlobalSection(ExtensibilityGlobals) = postSolution
		SolutionGuid = {EC927E02-B8F1-46CD-AC02-F566B57F987E}
	EndGlobalSection
EndGlobal
